// !$*UTF8*$!
{
	archiveVersion = 1;
	classes = {
	};
	objectVersion = 77;
	objects = {

/* Begin PBXBuildFile section */
		4C0000010000000000000001 /* LifeTimerCore in Frameworks */ = {isa = PBXBuildFile; productRef = 4C0000010000000000000011 /* LifeTimerCore */; };
		4C0000010000000000000002 /* LifeTimerCore in Frameworks */ = {isa = PBXBuildFile; productRef = 4C0000010000000000000011 /* LifeTimerCore */; };
		5C1000010000000000000001 /* LifeTimerCore in Frameworks */ = {isa = PBXBuildFile; productRef = 4C0000010000000000000011 /* LifeTimerCore */; };
		5C1000010000000000000002 /* Life Timer Screen Time Report.appex in Embed ExtensionKit Extensions */ = {isa = PBXBuildFile; fileRef = 5C1000010000000000000010 /* Life Timer Screen Time Report.appex */; settings = {ATTRIBUTES = (CodeSignOnCopy, RemoveHeadersOnCopy, ); }; };
		498E8EE92FAAEE0500CF5723 /* WidgetKit.framework in Frameworks */ = {isa = PBXBuildFile; fileRef = 498E8EE82FAAEE0500CF5723 /* WidgetKit.framework */; };
		498E8EEB2FAAEE0500CF5723 /* SwiftUI.framework in Frameworks */ = {isa = PBXBuildFile; fileRef = 498E8EEA2FAAEE0500CF5723 /* SwiftUI.framework */; };
		498E8EFA2FAAEE0600CF5723 /* Life Timer WidgetsExtension.appex in Embed Foundation Extensions */ = {isa = PBXBuildFile; fileRef = 498E8EE62FAAEE0500CF5723 /* Life Timer WidgetsExtension.appex */; settings = {ATTRIBUTES = (RemoveHeadersOnCopy, ); }; };
/* End PBXBuildFile section */

/* Begin PBXContainerItemProxy section */
		498E8EBE2FAAECED00CF5723 /* PBXContainerItemProxy */ = {
			isa = PBXContainerItemProxy;
			containerPortal = 498E8EA82FAAECEC00CF5723 /* Project object */;
			proxyType = 1;
			remoteGlobalIDString = 498E8EAF2FAAECEC00CF5723;
			remoteInfo = "Life Timer";
		};
		498E8EC82FAAECED00CF5723 /* PBXContainerItemProxy */ = {
			isa = PBXContainerItemProxy;
			containerPortal = 498E8EA82FAAECEC00CF5723 /* Project object */;
			proxyType = 1;
			remoteGlobalIDString = 498E8EAF2FAAECEC00CF5723;
			remoteInfo = "Life Timer";
		};
		498E8EF82FAAEE0600CF5723 /* PBXContainerItemProxy */ = {
			isa = PBXContainerItemProxy;
			containerPortal = 498E8EA82FAAECEC00CF5723 /* Project object */;
			proxyType = 1;
			remoteGlobalIDString = 498E8EE52FAAEE0500CF5723;
			remoteInfo = "Life Timer WidgetsExtension";
		};
		5C1000010000000000000011 /* PBXContainerItemProxy */ = {
			isa = PBXContainerItemProxy;
			containerPortal = 498E8EA82FAAECEC00CF5723 /* Project object */;
			proxyType = 1;
			remoteGlobalIDString = 5C1000010000000000000020;
			remoteInfo = "Life Timer Screen Time Report";
		};
/* End PBXContainerItemProxy section */

/* Begin PBXCopyFilesBuildPhase section */
		498E8EFF2FAAEE0600CF5723 /* Embed Foundation Extensions */ = {
			isa = PBXCopyFilesBuildPhase;
			buildActionMask = 2147483647;
			dstPath = "";
			dstSubfolderSpec = 13;
			files = (
				498E8EFA2FAAEE0600CF5723 /* Life Timer WidgetsExtension.appex in Embed Foundation Extensions */,
			);
			name = "Embed Foundation Extensions";
			runOnlyForDeploymentPostprocessing = 0;
		};
		5C1000010000000000000015 /* Embed ExtensionKit Extensions */ = {
			isa = PBXCopyFilesBuildPhase;
			buildActionMask = 2147483647;
			dstPath = "$(CONTENTS_FOLDER_PATH)/Extensions";
			dstSubfolderSpec = 16;
			files = (
				5C1000010000000000000002 /* Life Timer Screen Time Report.appex in Embed ExtensionKit Extensions */,
			);
			name = "Embed ExtensionKit Extensions";
			runOnlyForDeploymentPostprocessing = 0;
		};
/* End PBXCopyFilesBuildPhase section */

/* Begin PBXFileReference section */
		498E8EB02FAAECEC00CF5723 /* Life Timer.app */ = {isa = PBXFileReference; explicitFileType = wrapper.application; includeInIndex = 0; path = "Life Timer.app"; sourceTree = BUILT_PRODUCTS_DIR; };
		498E8EBD2FAAECED00CF5723 /* Life TimerTests.xctest */ = {isa = PBXFileReference; explicitFileType = wrapper.cfbundle; includeInIndex = 0; path = "Life TimerTests.xctest"; sourceTree = BUILT_PRODUCTS_DIR; };
		498E8EC72FAAECED00CF5723 /* Life TimerUITests.xctest */ = {isa = PBXFileReference; explicitFileType = wrapper.cfbundle; includeInIndex = 0; path = "Life TimerUITests.xctest"; sourceTree = BUILT_PRODUCTS_DIR; };
		498E8EE62FAAEE0500CF5723 /* Life Timer WidgetsExtension.appex */ = {isa = PBXFileReference; explicitFileType = "wrapper.app-extension"; includeInIndex = 0; path = "Life Timer WidgetsExtension.appex"; sourceTree = BUILT_PRODUCTS_DIR; };
		498E8EE82FAAEE0500CF5723 /* WidgetKit.framework */ = {isa = PBXFileReference; lastKnownFileType = wrapper.framework; name = WidgetKit.framework; path = System/Library/Frameworks/WidgetKit.framework; sourceTree = SDKROOT; };
		498E8EEA2FAAEE0500CF5723 /* SwiftUI.framework */ = {isa = PBXFileReference; lastKnownFileType = wrapper.framework; name = SwiftUI.framework; path = System/Library/Frameworks/SwiftUI.framework; sourceTree = SDKROOT; };
		5C1000010000000000000010 /* Life Timer Screen Time Report.appex */ = {isa = PBXFileReference; explicitFileType = "wrapper.app-extension"; includeInIndex = 0; path = "Life Timer Screen Time Report.appex"; sourceTree = BUILT_PRODUCTS_DIR; };
/* End PBXFileReference section */

/* Begin PBXFileSystemSynchronizedBuildFileExceptionSet section */
		498E8EFB2FAAEE0600CF5723 /* Exceptions for "Life Timer Widgets" folder in "Life Timer WidgetsExtension" target */ = {
			isa = PBXFileSystemSynchronizedBuildFileExceptionSet;
			membershipExceptions = (
				Info.plist,
			);
			target = 498E8EE52FAAEE0500CF5723 /* Life Timer WidgetsExtension */;
		};
		5C1000010000000000000012 /* Exceptions for "Life Timer Screen Time Report" folder in "Life Timer Screen Time Report" target */ = {
			isa = PBXFileSystemSynchronizedBuildFileExceptionSet;
			membershipExceptions = (
				Info.plist,
			);
			target = 5C1000010000000000000020 /* Life Timer Screen Time Report */;
		};
/* End PBXFileSystemSynchronizedBuildFileExceptionSet section */

/* Begin PBXFileSystemSynchronizedRootGroup section */
		498E8EB22FAAECEC00CF5723 /* Life Timer */ = {
			isa = PBXFileSystemSynchronizedRootGroup;
			path = "Life Timer";
			sourceTree = "<group>";
		};
		498E8EC02FAAECED00CF5723 /* Life TimerTests */ = {
			isa = PBXFileSystemSynchronizedRootGroup;
			path = "Life TimerTests";
			sourceTree = "<group>";
		};
		498E8ECA2FAAECED00CF5723 /* Life TimerUITests */ = {
			isa = PBXFileSystemSynchronizedRootGroup;
			path = "Life TimerUITests";
			sourceTree = "<group>";
		};
		498E8EEC2FAAEE0500CF5723 /* Life Timer Widgets */ = {
			isa = PBXFileSystemSynchronizedRootGroup;
			exceptions = (
				498E8EFB2FAAEE0600CF5723 /* Exceptions for "Life Timer Widgets" folder in "Life Timer WidgetsExtension" target */,
			);
			path = "Life Timer Widgets";
			sourceTree = "<group>";
		};
		5C1000010000000000000013 /* Life Timer Screen Time Report */ = {
			isa = PBXFileSystemSynchronizedRootGroup;
			exceptions = (
				5C1000010000000000000012 /* Exceptions for "Life Timer Screen Time Report" folder in "Life Timer Screen Time Report" target */,
			);
			path = "Life Timer Screen Time Report";
			sourceTree = "<group>";
		};
/* End PBXFileSystemSynchronizedRootGroup section */

/* Begin PBXFrameworksBuildPhase section */
		498E8EAD2FAAECEC00CF5723 /* Frameworks */ = {
			isa = PBXFrameworksBuildPhase;
			buildActionMask = 2147483647;
			files = (
				4C0000010000000000000001 /* LifeTimerCore in Frameworks */,
			);
			runOnlyForDeploymentPostprocessing = 0;
		};
		498E8EBA2FAAECED00CF5723 /* Frameworks */ = {
			isa = PBXFrameworksBuildPhase;
			buildActionMask = 2147483647;
			files = (
			);
			runOnlyForDeploymentPostprocessing = 0;
		};
		498E8EC42FAAECED00CF5723 /* Frameworks */ = {
			isa = PBXFrameworksBuildPhase;
			buildActionMask = 2147483647;
			files = (
			);
			runOnlyForDeploymentPostprocessing = 0;
		};
		498E8EE32FAAEE0500CF5723 /* Frameworks */ = {
			isa = PBXFrameworksBuildPhase;
			buildActionMask = 2147483647;
			files = (
				4C0000010000000000000002 /* LifeTimerCore in Frameworks */,
				498E8EEB2FAAEE0500CF5723 /* SwiftUI.framework in Frameworks */,
				498E8EE92FAAEE0500CF5723 /* WidgetKit.framework in Frameworks */,
			);
			runOnlyForDeploymentPostprocessing = 0;
		};
		5C1000010000000000000022 /* Frameworks */ = {
			isa = PBXFrameworksBuildPhase;
			buildActionMask = 2147483647;
			files = (
				5C1000010000000000000001 /* LifeTimerCore in Frameworks */,
			);
			runOnlyForDeploymentPostprocessing = 0;
		};
/* End PBXFrameworksBuildPhase section */

/* Begin PBXGroup section */
		498E8EA72FAAECEC00CF5723 = {
			isa = PBXGroup;
			children = (
				498E8EB22FAAECEC00CF5723 /* Life Timer */,
				498E8EC02FAAECED00CF5723 /* Life TimerTests */,
				498E8ECA2FAAECED00CF5723 /* Life TimerUITests */,
				498E8EEC2FAAEE0500CF5723 /* Life Timer Widgets */,
				5C1000010000000000000013 /* Life Timer Screen Time Report */,
				498E8EE72FAAEE0500CF5723 /* Frameworks */,
				498E8EB12FAAECEC00CF5723 /* Products */,
			);
			sourceTree = "<group>";
		};
		498E8EB12FAAECEC00CF5723 /* Products */ = {
			isa = PBXGroup;
			children = (
				498E8EB02FAAECEC00CF5723 /* Life Timer.app */,
				498E8EBD2FAAECED00CF5723 /* Life TimerTests.xctest */,
				498E8EC72FAAECED00CF5723 /* Life TimerUITests.xctest */,
				498E8EE62FAAEE0500CF5723 /* Life Timer WidgetsExtension.appex */,
				5C1000010000000000000010 /* Life Timer Screen Time Report.appex */,
			);
			name = Products;
			sourceTree = "<group>";
		};
		498E8EE72FAAEE0500CF5723 /* Frameworks */ = {
			isa = PBXGroup;
			children = (
				498E8EE82FAAEE0500CF5723 /* WidgetKit.framework */,
				498E8EEA2FAAEE0500CF5723 /* SwiftUI.framework */,
			);
			name = Frameworks;
			sourceTree = "<group>";
		};
/* End PBXGroup section */

/* Begin PBXNativeTarget section */
		498E8EAF2FAAECEC00CF5723 /* Life Timer */ = {
			isa = PBXNativeTarget;
			buildConfigurationList = 498E8ED12FAAECED00CF5723 /* Build configuration list for PBXNativeTarget "Life Timer" */;
			buildPhases = (
				498E8EAC2FAAECEC00CF5723 /* Sources */,
				498E8EAD2FAAECEC00CF5723 /* Frameworks */,
				498E8EAE2FAAECEC00CF5723 /* Resources */,
				498E8EFF2FAAEE0600CF5723 /* Embed Foundation Extensions */,
				5C1000010000000000000015 /* Embed ExtensionKit Extensions */,
				4C0000010000000000000021 /* Embed Life Timer Build Info */,
			);
			buildRules = (
			);
			dependencies = (
				498E8EF92FAAEE0600CF5723 /* PBXTargetDependency */,
				5C1000010000000000000014 /* PBXTargetDependency */,
			);
			fileSystemSynchronizedGroups = (
				498E8EB22FAAECEC00CF5723 /* Life Timer */,
			);
			name = "Life Timer";
			packageProductDependencies = (
				4C0000010000000000000011 /* LifeTimerCore */,
			);
			productName = "Life Timer";
			productReference = 498E8EB02FAAECEC00CF5723 /* Life Timer.app */;
			productType = "com.apple.product-type.application";
		};
		498E8EBC2FAAECED00CF5723 /* Life TimerTests */ = {
			isa = PBXNativeTarget;
			buildConfigurationList = 498E8ED42FAAECED00CF5723 /* Build configuration list for PBXNativeTarget "Life TimerTests" */;
			buildPhases = (
				498E8EB92FAAECED00CF5723 /* Sources */,
				498E8EBA2FAAECED00CF5723 /* Frameworks */,
				498E8EBB2FAAECED00CF5723 /* Resources */,
			);
			buildRules = (
			);
			dependencies = (
				498E8EBF2FAAECED00CF5723 /* PBXTargetDependency */,
			);
			fileSystemSynchronizedGroups = (
				498E8EC02FAAECED00CF5723 /* Life TimerTests */,
			);
			name = "Life TimerTests";
			packageProductDependencies = (
			);
			productName = "Life TimerTests";
			productReference = 498E8EBD2FAAECED00CF5723 /* Life TimerTests.xctest */;
			productType = "com.apple.product-type.bundle.unit-test";
		};
		498E8EC62FAAECED00CF5723 /* Life TimerUITests */ = {
			isa = PBXNativeTarget;
			buildConfigurationList = 498E8ED72FAAECED00CF5723 /* Build configuration list for PBXNativeTarget "Life TimerUITests" */;
			buildPhases = (
				498E8EC32FAAECED00CF5723 /* Sources */,
				498E8EC42FAAECED00CF5723 /* Frameworks */,
				498E8EC52FAAECED00CF5723 /* Resources */,
			);
			buildRules = (
			);
			dependencies = (
				498E8EC92FAAECED00CF5723 /* PBXTargetDependency */,
			);
			fileSystemSynchronizedGroups = (
				498E8ECA2FAAECED00CF5723 /* Life TimerUITests */,
			);
			name = "Life TimerUITests";
			packageProductDependencies = (
			);
			productName = "Life TimerUITests";
			productReference = 498E8EC72FAAECED00CF5723 /* Life TimerUITests.xctest */;
			productType = "com.apple.product-type.bundle.ui-testing";
		};
		498E8EE52FAAEE0500CF5723 /* Life Timer WidgetsExtension */ = {
			isa = PBXNativeTarget;
			buildConfigurationList = 498E8EFC2FAAEE0600CF5723 /* Build configuration list for PBXNativeTarget "Life Timer WidgetsExtension" */;
			buildPhases = (
				498E8EE22FAAEE0500CF5723 /* Sources */,
				498E8EE32FAAEE0500CF5723 /* Frameworks */,
				498E8EE42FAAEE0500CF5723 /* Resources */,
			);
			buildRules = (
			);
			dependencies = (
			);
			fileSystemSynchronizedGroups = (
				498E8EEC2FAAEE0500CF5723 /* Life Timer Widgets */,
			);
			name = "Life Timer WidgetsExtension";
			packageProductDependencies = (
				4C0000010000000000000011 /* LifeTimerCore */,
			);
			productName = "Life Timer WidgetsExtension";
			productReference = 498E8EE62FAAEE0500CF5723 /* Life Timer WidgetsExtension.appex */;
			productType = "com.apple.product-type.app-extension";
		};
		5C1000010000000000000020 /* Life Timer Screen Time Report */ = {
			isa = PBXNativeTarget;
			buildConfigurationList = 5C1000010000000000000026 /* Build configuration list for PBXNativeTarget "Life Timer Screen Time Report" */;
			buildPhases = (
				5C1000010000000000000021 /* Sources */,
				5C1000010000000000000022 /* Frameworks */,
				5C1000010000000000000023 /* Resources */,
			);
			buildRules = (
			);
			dependencies = (
			);
			fileSystemSynchronizedGroups = (
				5C1000010000000000000013 /* Life Timer Screen Time Report */,
			);
			name = "Life Timer Screen Time Report";
			packageProductDependencies = (
				4C0000010000000000000011 /* LifeTimerCore */,
			);
			productName = "Life Timer Screen Time Report";
			productReference = 5C1000010000000000000010 /* Life Timer Screen Time Report.appex */;
			productType = "com.apple.product-type.extensionkit-extension";
		};
/* End PBXNativeTarget section */

/* Begin PBXProject section */
		498E8EA82FAAECEC00CF5723 /* Project object */ = {
			isa = PBXProject;
			attributes = {
				BuildIndependentTargetsInParallel = 1;
				LastSwiftUpdateCheck = 2640;
				LastUpgradeCheck = 2640;
				TargetAttributes = {
					498E8EAF2FAAECEC00CF5723 = {
						CreatedOnToolsVersion = 26.4.1;
						SystemCapabilities = {
							com.apple.HealthKit = {
								enabled = 1;
							};
							com.apple.FamilyControls = {
								enabled = 1;
							};
						};
					};
					498E8EBC2FAAECED00CF5723 = {
						CreatedOnToolsVersion = 26.4.1;
						TestTargetID = 498E8EAF2FAAECEC00CF5723;
					};
					498E8EC62FAAECED00CF5723 = {
						CreatedOnToolsVersion = 26.4.1;
						TestTargetID = 498E8EAF2FAAECEC00CF5723;
					};
					498E8EE52FAAEE0500CF5723 = {
						CreatedOnToolsVersion = 26.4.1;
					};
					5C1000010000000000000020 = {
						CreatedOnToolsVersion = 26.4.1;
						SystemCapabilities = {
							com.apple.FamilyControls = {
								enabled = 1;
							};
						};
					};
				};
			};
			buildConfigurationList = 498E8EAB2FAAECEC00CF5723 /* Build configuration list for PBXProject "Life Timer" */;
			developmentRegion = en;
			hasScannedForEncodings = 0;
			knownRegions = (
				en,
				Base,
			);
			mainGroup = 498E8EA72FAAECEC00CF5723;
			minimizedProjectReferenceProxies = 1;
			preferredProjectObjectVersion = 77;
			productRefGroup = 498E8EB12FAAECEC00CF5723 /* Products */;
			packageReferences = (
				4C0000010000000000000010 /* XCLocalSwiftPackageReference "lifetimer" */,
			);
			projectDirPath = "";
			projectRoot = "";
			targets = (
				498E8EAF2FAAECEC00CF5723 /* Life Timer */,
				498E8EBC2FAAECED00CF5723 /* Life TimerTests */,
				498E8EC62FAAECED00CF5723 /* Life TimerUITests */,
				498E8EE52FAAEE0500CF5723 /* Life Timer WidgetsExtension */,
				5C1000010000000000000020 /* Life Timer Screen Time Report */,
			);
		};
/* End PBXProject section */

/* Begin PBXResourcesBuildPhase section */
		498E8EAE2FAAECEC00CF5723 /* Resources */ = {
			isa = PBXResourcesBuildPhase;
			buildActionMask = 2147483647;
			files = (
			);
			runOnlyForDeploymentPostprocessing = 0;
		};
		498E8EBB2FAAECED00CF5723 /* Resources */ = {
			isa = PBXResourcesBuildPhase;
			buildActionMask = 2147483647;
			files = (
			);
			runOnlyForDeploymentPostprocessing = 0;
		};
		498E8EC52FAAECED00CF5723 /* Resources */ = {
			isa = PBXResourcesBuildPhase;
			buildActionMask = 2147483647;
			files = (
			);
			runOnlyForDeploymentPostprocessing = 0;
		};
		498E8EE42FAAEE0500CF5723 /* Resources */ = {
			isa = PBXResourcesBuildPhase;
			buildActionMask = 2147483647;
			files = (
			);
			runOnlyForDeploymentPostprocessing = 0;
		};
		5C1000010000000000000023 /* Resources */ = {
			isa = PBXResourcesBuildPhase;
			buildActionMask = 2147483647;
			files = (
			);
			runOnlyForDeploymentPostprocessing = 0;
		};
/* End PBXResourcesBuildPhase section */

/* Begin PBXShellScriptBuildPhase section */
		4C0000010000000000000021 /* Embed Life Timer Build Info */ = {
			isa = PBXShellScriptBuildPhase;
			alwaysOutOfDate = 1;
			buildActionMask = 2147483647;
			files = (
			);
			inputFileListPaths = (
			);
			inputPaths = (
			);
			name = "Embed Life Timer Build Info";
			outputFileListPaths = (
			);
			outputPaths = (
			);
			runOnlyForDeploymentPostprocessing = 0;
			shellPath = /bin/bash;
			shellScript = "\"$SRCROOT/../../scripts/embed-native-build-info.sh\"\n";
		};
/* End PBXShellScriptBuildPhase section */

/* Begin PBXSourcesBuildPhase section */
		498E8EAC2FAAECEC00CF5723 /* Sources */ = {
			isa = PBXSourcesBuildPhase;
			buildActionMask = 2147483647;
			files = (
			);
			runOnlyForDeploymentPostprocessing = 0;
		};
		498E8EB92FAAECED00CF5723 /* Sources */ = {
			isa = PBXSourcesBuildPhase;
			buildActionMask = 2147483647;
			files = (
			);
			runOnlyForDeploymentPostprocessing = 0;
		};
		498E8EC32FAAECED00CF5723 /* Sources */ = {
			isa = PBXSourcesBuildPhase;
			buildActionMask = 2147483647;
			files = (
			);
			runOnlyForDeploymentPostprocessing = 0;
		};
		498E8EE22FAAEE0500CF5723 /* Sources */ = {
			isa = PBXSourcesBuildPhase;
			buildActionMask = 2147483647;
			files = (
			);
			runOnlyForDeploymentPostprocessing = 0;
		};
		5C1000010000000000000021 /* Sources */ = {
			isa = PBXSourcesBuildPhase;
			buildActionMask = 2147483647;
			files = (
			);
			runOnlyForDeploymentPostprocessing = 0;
		};
/* End PBXSourcesBuildPhase section */

/* Begin PBXTargetDependency section */
		498E8EBF2FAAECED00CF5723 /* PBXTargetDependency */ = {
			isa = PBXTargetDependency;
			target = 498E8EAF2FAAECEC00CF5723 /* Life Timer */;
			targetProxy = 498E8EBE2FAAECED00CF5723 /* PBXContainerItemProxy */;
		};
		498E8EC92FAAECED00CF5723 /* PBXTargetDependency */ = {
			isa = PBXTargetDependency;
			target = 498E8EAF2FAAECEC00CF5723 /* Life Timer */;
			targetProxy = 498E8EC82FAAECED00CF5723 /* PBXContainerItemProxy */;
		};
		498E8EF92FAAEE0600CF5723 /* PBXTargetDependency */ = {
			isa = PBXTargetDependency;
			target = 498E8EE52FAAEE0500CF5723 /* Life Timer WidgetsExtension */;
			targetProxy = 498E8EF82FAAEE0600CF5723 /* PBXContainerItemProxy */;
		};
		5C1000010000000000000014 /* PBXTargetDependency */ = {
			isa = PBXTargetDependency;
			target = 5C1000010000000000000020 /* Life Timer Screen Time Report */;
			targetProxy = 5C1000010000000000000011 /* PBXContainerItemProxy */;
		};
/* End PBXTargetDependency section */

/* Begin XCBuildConfiguration section */
		498E8ECF2FAAECED00CF5723 /* Debug */ = {
			isa = XCBuildConfiguration;
			buildSettings = {
				ALWAYS_SEARCH_USER_PATHS = NO;
				ASSETCATALOG_COMPILER_GENERATE_SWIFT_ASSET_SYMBOL_EXTENSIONS = YES;
				CLANG_ANALYZER_NONNULL = YES;
				CLANG_ANALYZER_NUMBER_OBJECT_CONVERSION = YES_AGGRESSIVE;
				CLANG_CXX_LANGUAGE_STANDARD = "gnu++20";
				CLANG_ENABLE_MODULES = YES;
				CLANG_ENABLE_OBJC_ARC = YES;
				CLANG_ENABLE_OBJC_WEAK = YES;
				CLANG_WARN_BLOCK_CAPTURE_AUTORELEASING = YES;
				CLANG_WARN_BOOL_CONVERSION = YES;
				CLANG_WARN_COMMA = YES;
				CLANG_WARN_CONSTANT_CONVERSION = YES;
				CLANG_WARN_DEPRECATED_OBJC_IMPLEMENTATIONS = YES;
				CLANG_WARN_DIRECT_OBJC_ISA_USAGE = YES_ERROR;
				CLANG_WARN_DOCUMENTATION_COMMENTS = YES;
				CLANG_WARN_EMPTY_BODY = YES;
				CLANG_WARN_ENUM_CONVERSION = YES;
				CLANG_WARN_INFINITE_RECURSION = YES;
				CLANG_WARN_INT_CONVERSION = YES;
				CLANG_WARN_NON_LITERAL_NULL_CONVERSION = YES;
				CLANG_WARN_OBJC_IMPLICIT_RETAIN_SELF = YES;
				CLANG_WARN_OBJC_LITERAL_CONVERSION = YES;
				CLANG_WARN_OBJC_ROOT_CLASS = YES_ERROR;
				CLANG_WARN_QUOTED_INCLUDE_IN_FRAMEWORK_HEADER = YES;
				CLANG_WARN_RANGE_LOOP_ANALYSIS = YES;
				CLANG_WARN_STRICT_PROTOTYPES = YES;
				CLANG_WARN_SUSPICIOUS_MOVE = YES;
				CLANG_WARN_UNGUARDED_AVAILABILITY = YES_AGGRESSIVE;
				CLANG_WARN_UNREACHABLE_CODE = YES;
				CLANG_WARN__DUPLICATE_METHOD_MATCH = YES;
				COPY_PHASE_STRIP = NO;
				DEBUG_INFORMATION_FORMAT = dwarf;
				DEVELOPMENT_TEAM = J5UXQQS99D;
				ENABLE_STRICT_OBJC_MSGSEND = YES;
				ENABLE_TESTABILITY = YES;
				ENABLE_USER_SCRIPT_SANDBOXING = YES;
				GCC_C_LANGUAGE_STANDARD = gnu17;
				GCC_DYNAMIC_NO_PIC = NO;
				GCC_NO_COMMON_BLOCKS = YES;
				GCC_OPTIMIZATION_LEVEL = 0;
				GCC_PREPROCESSOR_DEFINITIONS = (
					"DEBUG=1",
					"$(inherited)",
				);
				GCC_WARN_64_TO_32_BIT_CONVERSION = YES;
				GCC_WARN_ABOUT_RETURN_TYPE = YES_ERROR;
				GCC_WARN_UNDECLARED_SELECTOR = YES;
				GCC_WARN_UNINITIALIZED_AUTOS = YES_AGGRESSIVE;
				GCC_WARN_UNUSED_FUNCTION = YES;
				GCC_WARN_UNUSED_VARIABLE = YES;
				IPHONEOS_DEPLOYMENT_TARGET = 26.4;
				LOCALIZATION_PREFERS_STRING_CATALOGS = YES;
				MTL_ENABLE_DEBUG_INFO = INCLUDE_SOURCE;
				MTL_FAST_MATH = YES;
				ONLY_ACTIVE_ARCH = YES;
				SDKROOT = iphoneos;
				SWIFT_ACTIVE_COMPILATION_CONDITIONS = "DEBUG $(inherited)";
				SWIFT_OPTIMIZATION_LEVEL = "-Onone";
			};
			name = Debug;
		};
		498E8ED02FAAECED00CF5723 /* Release */ = {
			isa = XCBuildConfiguration;
			buildSettings = {
				ALWAYS_SEARCH_USER_PATHS = NO;
				ASSETCATALOG_COMPILER_GENERATE_SWIFT_ASSET_SYMBOL_EXTENSIONS = YES;
				CLANG_ANALYZER_NONNULL = YES;
				CLANG_ANALYZER_NUMBER_OBJECT_CONVERSION = YES_AGGRESSIVE;
				CLANG_CXX_LANGUAGE_STANDARD = "gnu++20";
				CLANG_ENABLE_MODULES = YES;
				CLANG_ENABLE_OBJC_ARC = YES;
				CLANG_ENABLE_OBJC_WEAK = YES;
				CLANG_WARN_BLOCK_CAPTURE_AUTORELEASING = YES;
				CLANG_WARN_BOOL_CONVERSION = YES;
				CLANG_WARN_COMMA = YES;
				CLANG_WARN_CONSTANT_CONVERSION = YES;
				CLANG_WARN_DEPRECATED_OBJC_IMPLEMENTATIONS = YES;
				CLANG_WARN_DIRECT_OBJC_ISA_USAGE = YES_ERROR;
				CLANG_WARN_DOCUMENTATION_COMMENTS = YES;
				CLANG_WARN_EMPTY_BODY = YES;
				CLANG_WARN_ENUM_CONVERSION = YES;
				CLANG_WARN_INFINITE_RECURSION = YES;
				CLANG_WARN_INT_CONVERSION = YES;
				CLANG_WARN_NON_LITERAL_NULL_CONVERSION = YES;
				CLANG_WARN_OBJC_IMPLICIT_RETAIN_SELF = YES;
				CLANG_WARN_OBJC_LITERAL_CONVERSION = YES;
				CLANG_WARN_OBJC_ROOT_CLASS = YES_ERROR;
				CLANG_WARN_QUOTED_INCLUDE_IN_FRAMEWORK_HEADER = YES;
				CLANG_WARN_RANGE_LOOP_ANALYSIS = YES;
				CLANG_WARN_STRICT_PROTOTYPES = YES;
				CLANG_WARN_SUSPICIOUS_MOVE = YES;
				CLANG_WARN_UNGUARDED_AVAILABILITY = YES_AGGRESSIVE;
				CLANG_WARN_UNREACHABLE_CODE = YES;
				CLANG_WARN__DUPLICATE_METHOD_MATCH = YES;
				COPY_PHASE_STRIP = NO;
				DEBUG_INFORMATION_FORMAT = "dwarf-with-dsym";
				DEVELOPMENT_TEAM = J5UXQQS99D;
				ENABLE_NS_ASSERTIONS = NO;
				ENABLE_STRICT_OBJC_MSGSEND = YES;
				ENABLE_USER_SCRIPT_SANDBOXING = YES;
				GCC_C_LANGUAGE_STANDARD = gnu17;
				GCC_NO_COMMON_BLOCKS = YES;
				GCC_WARN_64_TO_32_BIT_CONVERSION = YES;
				GCC_WARN_ABOUT_RETURN_TYPE = YES_ERROR;
				GCC_WARN_UNDECLARED_SELECTOR = YES;
				GCC_WARN_UNINITIALIZED_AUTOS = YES_AGGRESSIVE;
				GCC_WARN_UNUSED_FUNCTION = YES;
				GCC_WARN_UNUSED_VARIABLE = YES;
				IPHONEOS_DEPLOYMENT_TARGET = 26.4;
				LOCALIZATION_PREFERS_STRING_CATALOGS = YES;
				MTL_ENABLE_DEBUG_INFO = NO;
				MTL_FAST_MATH = YES;
				SDKROOT = iphoneos;
				SWIFT_COMPILATION_MODE = wholemodule;
				VALIDATE_PRODUCT = YES;
			};
			name = Release;
		};
		498E8ED22FAAECED00CF5723 /* Debug */ = {
			isa = XCBuildConfiguration;
			buildSettings = {
				ASSETCATALOG_COMPILER_APPICON_NAME = AppIcon;
				ASSETCATALOG_COMPILER_GLOBAL_ACCENT_COLOR_NAME = AccentColor;
				CODE_SIGN_STYLE = Automatic;
				CODE_SIGN_ENTITLEMENTS = "Life Timer/Life Timer.entitlements";
				CURRENT_PROJECT_VERSION = 4;
				DEVELOPMENT_TEAM = J5UXQQS99D;
				ENABLE_PREVIEWS = YES;
				ENABLE_USER_SCRIPT_SANDBOXING = NO;
				GENERATE_INFOPLIST_FILE = YES;
				INFOPLIST_KEY_NSHealthShareUsageDescription = "Life Timer reads sleep analysis to overlay time in bed and asleep on your timer.";
				INFOPLIST_KEY_NSSupportsLiveActivities = YES;
				INFOPLIST_KEY_NSSupportsLiveActivitiesFrequentUpdates = YES;
				INFOPLIST_KEY_UIApplicationSceneManifest_Generation = YES;
				INFOPLIST_KEY_UIApplicationSupportsIndirectInputEvents = YES;
				INFOPLIST_KEY_UILaunchScreen_Generation = YES;
				INFOPLIST_KEY_UISupportedInterfaceOrientations_iPad = "UIInterfaceOrientationPortrait UIInterfaceOrientationPortraitUpsideDown UIInterfaceOrientationLandscapeLeft UIInterfaceOrientationLandscapeRight";
				INFOPLIST_KEY_UISupportedInterfaceOrientations_iPhone = "UIInterfaceOrientationPortrait UIInterfaceOrientationLandscapeLeft UIInterfaceOrientationLandscapeRight";
				LD_RUNPATH_SEARCH_PATHS = (
					"$(inherited)",
					"@executable_path/Frameworks",
				);
				MARKETING_VERSION = 1.0;
				PRODUCT_BUNDLE_IDENTIFIER = "yaksic.Life-Timer";
				PRODUCT_NAME = "$(TARGET_NAME)";
				STRING_CATALOG_GENERATE_SYMBOLS = YES;
				SWIFT_APPROACHABLE_CONCURRENCY = YES;
				SWIFT_DEFAULT_ACTOR_ISOLATION = MainActor;
				SWIFT_EMIT_LOC_STRINGS = YES;
				SWIFT_UPCOMING_FEATURE_MEMBER_IMPORT_VISIBILITY = YES;
				SWIFT_VERSION = 5.0;
				TARGETED_DEVICE_FAMILY = "1,2";
			};
			name = Debug;
		};
		498E8ED32FAAECED00CF5723 /* Release */ = {
			isa = XCBuildConfiguration;
			buildSettings = {
				ASSETCATALOG_COMPILER_APPICON_NAME = AppIcon;
				ASSETCATALOG_COMPILER_GLOBAL_ACCENT_COLOR_NAME = AccentColor;
				CODE_SIGN_STYLE = Automatic;
				CODE_SIGN_ENTITLEMENTS = "Life Timer/Life Timer.entitlements";
				CURRENT_PROJECT_VERSION = 4;
				DEVELOPMENT_TEAM = J5UXQQS99D;
				ENABLE_PREVIEWS = YES;
				ENABLE_USER_SCRIPT_SANDBOXING = NO;
				GENERATE_INFOPLIST_FILE = YES;
				INFOPLIST_KEY_NSHealthShareUsageDescription = "Life Timer reads sleep analysis to overlay time in bed and asleep on your timer.";
				INFOPLIST_KEY_NSSupportsLiveActivities = YES;
				INFOPLIST_KEY_NSSupportsLiveActivitiesFrequentUpdates = YES;
				INFOPLIST_KEY_UIApplicationSceneManifest_Generation = YES;
				INFOPLIST_KEY_UIApplicationSupportsIndirectInputEvents = YES;
				INFOPLIST_KEY_UILaunchScreen_Generation = YES;
				INFOPLIST_KEY_UISupportedInterfaceOrientations_iPad = "UIInterfaceOrientationPortrait UIInterfaceOrientationPortraitUpsideDown UIInterfaceOrientationLandscapeLeft UIInterfaceOrientationLandscapeRight";
				INFOPLIST_KEY_UISupportedInterfaceOrientations_iPhone = "UIInterfaceOrientationPortrait UIInterfaceOrientationLandscapeLeft UIInterfaceOrientationLandscapeRight";
				LD_RUNPATH_SEARCH_PATHS = (
					"$(inherited)",
					"@executable_path/Frameworks",
				);
				MARKETING_VERSION = 1.0;
				PRODUCT_BUNDLE_IDENTIFIER = "yaksic.Life-Timer";
				PRODUCT_NAME = "$(TARGET_NAME)";
				STRING_CATALOG_GENERATE_SYMBOLS = YES;
				SWIFT_APPROACHABLE_CONCURRENCY = YES;
				SWIFT_DEFAULT_ACTOR_ISOLATION = MainActor;
				SWIFT_EMIT_LOC_STRINGS = YES;
				SWIFT_UPCOMING_FEATURE_MEMBER_IMPORT_VISIBILITY = YES;
				SWIFT_VERSION = 5.0;
				TARGETED_DEVICE_FAMILY = "1,2";
			};
			name = Release;
		};
		498E8ED52FAAECED00CF5723 /* Debug */ = {
			isa = XCBuildConfiguration;
			buildSettings = {
				BUNDLE_LOADER = "$(TEST_HOST)";
				CODE_SIGN_STYLE = Automatic;
				CURRENT_PROJECT_VERSION = 4;
				DEVELOPMENT_TEAM = J5UXQQS99D;
				GENERATE_INFOPLIST_FILE = YES;
				IPHONEOS_DEPLOYMENT_TARGET = 26.4;
				MARKETING_VERSION = 1.0;
				PRODUCT_BUNDLE_IDENTIFIER = "yaksic.Life-TimerTests";
				PRODUCT_NAME = "$(TARGET_NAME)";
				STRING_CATALOG_GENERATE_SYMBOLS = NO;
				SWIFT_APPROACHABLE_CONCURRENCY = YES;
				SWIFT_EMIT_LOC_STRINGS = NO;
				SWIFT_UPCOMING_FEATURE_MEMBER_IMPORT_VISIBILITY = YES;
				SWIFT_VERSION = 5.0;
				TARGETED_DEVICE_FAMILY = "1,2";
				TEST_HOST = "$(BUILT_PRODUCTS_DIR)/Life Timer.app/$(BUNDLE_EXECUTABLE_FOLDER_PATH)/Life Timer";
			};
			name = Debug;
		};
		498E8ED62FAAECED00CF5723 /* Release */ = {
			isa = XCBuildConfiguration;
			buildSettings = {
				BUNDLE_LOADER = "$(TEST_HOST)";
				CODE_SIGN_STYLE = Automatic;
				CURRENT_PROJECT_VERSION = 4;
				DEVELOPMENT_TEAM = J5UXQQS99D;
				GENERATE_INFOPLIST_FILE = YES;
				IPHONEOS_DEPLOYMENT_TARGET = 26.4;
				MARKETING_VERSION = 1.0;
				PRODUCT_BUNDLE_IDENTIFIER = "yaksic.Life-TimerTests";
				PRODUCT_NAME = "$(TARGET_NAME)";
				STRING_CATALOG_GENERATE_SYMBOLS = NO;
				SWIFT_APPROACHABLE_CONCURRENCY = YES;
				SWIFT_EMIT_LOC_STRINGS = NO;
				SWIFT_UPCOMING_FEATURE_MEMBER_IMPORT_VISIBILITY = YES;
				SWIFT_VERSION = 5.0;
				TARGETED_DEVICE_FAMILY = "1,2";
				TEST_HOST = "$(BUILT_PRODUCTS_DIR)/Life Timer.app/$(BUNDLE_EXECUTABLE_FOLDER_PATH)/Life Timer";
			};
			name = Release;
		};
		498E8ED82FAAECED00CF5723 /* Debug */ = {
			isa = XCBuildConfiguration;
			buildSettings = {
				CODE_SIGN_STYLE = Automatic;
				CURRENT_PROJECT_VERSION = 4;
				DEVELOPMENT_TEAM = J5UXQQS99D;
				GENERATE_INFOPLIST_FILE = YES;
				MARKETING_VERSION = 1.0;
				PRODUCT_BUNDLE_IDENTIFIER = "yaksic.Life-TimerUITests";
				PRODUCT_NAME = "$(TARGET_NAME)";
				STRING_CATALOG_GENERATE_SYMBOLS = NO;
				SWIFT_APPROACHABLE_CONCURRENCY = YES;
				SWIFT_EMIT_LOC_STRINGS = NO;
				SWIFT_UPCOMING_FEATURE_MEMBER_IMPORT_VISIBILITY = YES;
				SWIFT_VERSION = 5.0;
				TARGETED_DEVICE_FAMILY = "1,2";
				TEST_TARGET_NAME = "Life Timer";
			};
			name = Debug;
		};
		498E8ED92FAAECED00CF5723 /* Release */ = {
			isa = XCBuildConfiguration;
			buildSettings = {
				CODE_SIGN_STYLE = Automatic;
				CURRENT_PROJECT_VERSION = 4;
				DEVELOPMENT_TEAM = J5UXQQS99D;
				GENERATE_INFOPLIST_FILE = YES;
				MARKETING_VERSION = 1.0;
				PRODUCT_BUNDLE_IDENTIFIER = "yaksic.Life-TimerUITests";
				PRODUCT_NAME = "$(TARGET_NAME)";
				STRING_CATALOG_GENERATE_SYMBOLS = NO;
				SWIFT_APPROACHABLE_CONCURRENCY = YES;
				SWIFT_EMIT_LOC_STRINGS = NO;
				SWIFT_UPCOMING_FEATURE_MEMBER_IMPORT_VISIBILITY = YES;
				SWIFT_VERSION = 5.0;
				TARGETED_DEVICE_FAMILY = "1,2";
				TEST_TARGET_NAME = "Life Timer";
			};
			name = Release;
		};
		498E8EFD2FAAEE0600CF5723 /* Debug */ = {
			isa = XCBuildConfiguration;
			buildSettings = {
				ASSETCATALOG_COMPILER_GLOBAL_ACCENT_COLOR_NAME = AccentColor;
				ASSETCATALOG_COMPILER_WIDGET_BACKGROUND_COLOR_NAME = WidgetBackground;
				CODE_SIGN_STYLE = Automatic;
				CODE_SIGN_ENTITLEMENTS = "Life Timer Widgets/Life Timer Widgets.entitlements";
				CURRENT_PROJECT_VERSION = 4;
				DEVELOPMENT_TEAM = J5UXQQS99D;
				GENERATE_INFOPLIST_FILE = YES;
				INFOPLIST_FILE = "Life Timer Widgets/Info.plist";
				INFOPLIST_KEY_CFBundleDisplayName = "Life Timer Widgets";
				INFOPLIST_KEY_NSHumanReadableCopyright = "";
				LD_RUNPATH_SEARCH_PATHS = (
					"$(inherited)",
					"@executable_path/Frameworks",
					"@executable_path/../../Frameworks",
				);
				MARKETING_VERSION = 1.0;
				PRODUCT_BUNDLE_IDENTIFIER = "yaksic.Life-Timer.Life-Timer-Widgets";
				PRODUCT_NAME = "$(TARGET_NAME)";
				SKIP_INSTALL = YES;
				STRING_CATALOG_GENERATE_SYMBOLS = YES;
				SWIFT_APPROACHABLE_CONCURRENCY = YES;
				SWIFT_EMIT_LOC_STRINGS = YES;
				SWIFT_UPCOMING_FEATURE_MEMBER_IMPORT_VISIBILITY = YES;
				SWIFT_VERSION = 5.0;
				TARGETED_DEVICE_FAMILY = "1,2";
			};
			name = Debug;
		};
		498E8EFE2FAAEE0600CF5723 /* Release */ = {
			isa = XCBuildConfiguration;
			buildSettings = {
				ASSETCATALOG_COMPILER_GLOBAL_ACCENT_COLOR_NAME = AccentColor;
				ASSETCATALOG_COMPILER_WIDGET_BACKGROUND_COLOR_NAME = WidgetBackground;
				CODE_SIGN_STYLE = Automatic;
				CODE_SIGN_ENTITLEMENTS = "Life Timer Widgets/Life Timer Widgets.entitlements";
				CURRENT_PROJECT_VERSION = 4;
				DEVELOPMENT_TEAM = J5UXQQS99D;
				GENERATE_INFOPLIST_FILE = YES;
				INFOPLIST_FILE = "Life Timer Widgets/Info.plist";
				INFOPLIST_KEY_CFBundleDisplayName = "Life Timer Widgets";
				INFOPLIST_KEY_NSHumanReadableCopyright = "";
				LD_RUNPATH_SEARCH_PATHS = (
					"$(inherited)",
					"@executable_path/Frameworks",
					"@executable_path/../../Frameworks",
				);
				MARKETING_VERSION = 1.0;
				PRODUCT_BUNDLE_IDENTIFIER = "yaksic.Life-Timer.Life-Timer-Widgets";
				PRODUCT_NAME = "$(TARGET_NAME)";
				SKIP_INSTALL = YES;
				STRING_CATALOG_GENERATE_SYMBOLS = YES;
				SWIFT_APPROACHABLE_CONCURRENCY = YES;
				SWIFT_EMIT_LOC_STRINGS = YES;
				SWIFT_UPCOMING_FEATURE_MEMBER_IMPORT_VISIBILITY = YES;
				SWIFT_VERSION = 5.0;
				TARGETED_DEVICE_FAMILY = "1,2";
			};
			name = Release;
		};
		5C1000010000000000000024 /* Debug */ = {
			isa = XCBuildConfiguration;
			buildSettings = {
				CODE_SIGN_ENTITLEMENTS = "Life Timer Screen Time Report/Life Timer Screen Time Report.entitlements";
				CODE_SIGN_STYLE = Automatic;
				CURRENT_PROJECT_VERSION = 4;
				DEVELOPMENT_TEAM = J5UXQQS99D;
				GENERATE_INFOPLIST_FILE = YES;
				INFOPLIST_FILE = "Life Timer Screen Time Report/Info.plist";
				INFOPLIST_KEY_CFBundleDisplayName = "Life Timer Screen Time";
				IPHONEOS_DEPLOYMENT_TARGET = 26.4;
				LD_RUNPATH_SEARCH_PATHS = (
					"$(inherited)",
					"@executable_path/Frameworks",
					"@executable_path/../../Frameworks",
				);
				MARKETING_VERSION = 1.0;
				PRODUCT_BUNDLE_IDENTIFIER = "yaksic.Life-Timer.Screen-Time-Report";
				PRODUCT_NAME = "$(TARGET_NAME)";
				SKIP_INSTALL = YES;
				STRING_CATALOG_GENERATE_SYMBOLS = YES;
				SWIFT_APPROACHABLE_CONCURRENCY = YES;
				SWIFT_DEFAULT_ACTOR_ISOLATION = MainActor;
				SWIFT_EMIT_LOC_STRINGS = YES;
				SWIFT_UPCOMING_FEATURE_MEMBER_IMPORT_VISIBILITY = YES;
				SWIFT_VERSION = 5.0;
				TARGETED_DEVICE_FAMILY = "1,2";
			};
			name = Debug;
		};
		5C1000010000000000000025 /* Release */ = {
			isa = XCBuildConfiguration;
			buildSettings = {
				CODE_SIGN_ENTITLEMENTS = "Life Timer Screen Time Report/Life Timer Screen Time Report.entitlements";
				CODE_SIGN_STYLE = Automatic;
				CURRENT_PROJECT_VERSION = 4;
				DEVELOPMENT_TEAM = J5UXQQS99D;
				GENERATE_INFOPLIST_FILE = YES;
				INFOPLIST_FILE = "Life Timer Screen Time Report/Info.plist";
				INFOPLIST_KEY_CFBundleDisplayName = "Life Timer Screen Time";
				IPHONEOS_DEPLOYMENT_TARGET = 26.4;
				LD_RUNPATH_SEARCH_PATHS = (
					"$(inherited)",
					"@executable_path/Frameworks",
					"@executable_path/../../Frameworks",
				);
				MARKETING_VERSION = 1.0;
				PRODUCT_BUNDLE_IDENTIFIER = "yaksic.Life-Timer.Screen-Time-Report";
				PRODUCT_NAME = "$(TARGET_NAME)";
				SKIP_INSTALL = YES;
				STRING_CATALOG_GENERATE_SYMBOLS = YES;
				SWIFT_APPROACHABLE_CONCURRENCY = YES;
				SWIFT_DEFAULT_ACTOR_ISOLATION = MainActor;
				SWIFT_EMIT_LOC_STRINGS = YES;
				SWIFT_UPCOMING_FEATURE_MEMBER_IMPORT_VISIBILITY = YES;
				SWIFT_VERSION = 5.0;
				TARGETED_DEVICE_FAMILY = "1,2";
			};
			name = Release;
		};
/* End XCBuildConfiguration section */

/* Begin XCConfigurationList section */
		498E8EAB2FAAECEC00CF5723 /* Build configuration list for PBXProject "Life Timer" */ = {
			isa = XCConfigurationList;
			buildConfigurations = (
				498E8ECF2FAAECED00CF5723 /* Debug */,
				498E8ED02FAAECED00CF5723 /* Release */,
			);
			defaultConfigurationIsVisible = 0;
			defaultConfigurationName = Release;
		};
		498E8ED12FAAECED00CF5723 /* Build configuration list for PBXNativeTarget "Life Timer" */ = {
			isa = XCConfigurationList;
			buildConfigurations = (
				498E8ED22FAAECED00CF5723 /* Debug */,
				498E8ED32FAAECED00CF5723 /* Release */,
			);
			defaultConfigurationIsVisible = 0;
			defaultConfigurationName = Release;
		};
		498E8ED42FAAECED00CF5723 /* Build configuration list for PBXNativeTarget "Life TimerTests" */ = {
			isa = XCConfigurationList;
			buildConfigurations = (
				498E8ED52FAAECED00CF5723 /* Debug */,
				498E8ED62FAAECED00CF5723 /* Release */,
			);
			defaultConfigurationIsVisible = 0;
			defaultConfigurationName = Release;
		};
		498E8ED72FAAECED00CF5723 /* Build configuration list for PBXNativeTarget "Life TimerUITests" */ = {
			isa = XCConfigurationList;
			buildConfigurations = (
				498E8ED82FAAECED00CF5723 /* Debug */,
				498E8ED92FAAECED00CF5723 /* Release */,
			);
			defaultConfigurationIsVisible = 0;
			defaultConfigurationName = Release;
		};
		498E8EFC2FAAEE0600CF5723 /* Build configuration list for PBXNativeTarget "Life Timer WidgetsExtension" */ = {
			isa = XCConfigurationList;
			buildConfigurations = (
				498E8EFD2FAAEE0600CF5723 /* Debug */,
				498E8EFE2FAAEE0600CF5723 /* Release */,
			);
			defaultConfigurationIsVisible = 0;
			defaultConfigurationName = Release;
		};
		5C1000010000000000000026 /* Build configuration list for PBXNativeTarget "Life Timer Screen Time Report" */ = {
			isa = XCConfigurationList;
			buildConfigurations = (
				5C1000010000000000000024 /* Debug */,
				5C1000010000000000000025 /* Release */,
			);
			defaultConfigurationIsVisible = 0;
			defaultConfigurationName = Release;
		};
/* End XCConfigurationList section */

/* Begin XCLocalSwiftPackageReference section */
		4C0000010000000000000010 /* XCLocalSwiftPackageReference "lifetimer" */ = {
			isa = XCLocalSwiftPackageReference;
			relativePath = ../..;
		};
/* End XCLocalSwiftPackageReference section */

/* Begin XCSwiftPackageProductDependency section */
		4C0000010000000000000011 /* LifeTimerCore */ = {
			isa = XCSwiftPackageProductDependency;
			package = 4C0000010000000000000010 /* XCLocalSwiftPackageReference "lifetimer" */;
			productName = LifeTimerCore;
		};
/* End XCSwiftPackageProductDependency section */
	};
	rootObject = 498E8EA82FAAECEC00CF5723 /* Project object */;
}
